# THIS IS AN AUTOGENERATED FILE. DO NOT EDIT THIS FILE DIRECTLY.
# yarn lockfile v1


batch-cluster@^2.1.1:
  version "2.1.1"
  resolved "https://registry.yarnpkg.com/batch-cluster/-/batch-cluster-2.1.1.tgz#3740f3ef98669486b03206e5b03d0c4eeb6250ff"

exiftool-vendored.exe@10.95.0:
  version "10.95.0"
  resolved "https://registry.yarnpkg.com/exiftool-vendored.exe/-/exiftool-vendored.exe-10.95.0.tgz#ea3c2cb72206af00794b8a00a42b3ff97439522f"

exiftool-vendored.pl@10.95.1:
  version "10.95.1"
  resolved "https://registry.yarnpkg.com/exiftool-vendored.pl/-/exiftool-vendored.pl-10.95.1.tgz#64b411cf978c8b003797ac98495df4e4adba7ce8"

exiftool-vendored@^4.24.0:
  version "4.24.0"
  resolved "https://registry.yarnpkg.com/exiftool-vendored/-/exiftool-vendored-4.24.0.tgz#4764d1b961c8f872a7be9a736536c5016b33b7c3"
  dependencies:
    batch-cluster "^2.1.1"
  optionalDependencies:
    exiftool-vendored.exe "10.95.0"
    exiftool-vendored.pl "10.95.1"
